
Microsoft Visual Studio Solution File, Format Version 12.00
# Visual Studio 2012
Project("{FAE04EC0-301F-11D3-BF4B-00C04F79EFBC}") = "Core", "Core\Core.csproj", "{C21FFADD-E5AE-4743-BCAC-2B8502B636D2}"
EndProject
Project("{FAE04EC0-301F-11D3-BF4B-00C04F79EFBC}") = "Mars", "Mars\Mars.csproj", "{23012EA9-C831-428F-A89A-1AB280FEB06A}"
EndProject
Global
	GlobalSection(SolutionConfigurationPlatforms) = preSolution
		Debug|Any CPU = Debug|Any CPU
		Release|Any CPU = Release|Any CPU
	EndGlobalSection
	GlobalSection(ProjectConfigurationPlatforms) = postSolution
		{C21FFADD-E5AE-4743-BCAC-2B8502B636D2}.Debug|Any CPU.ActiveCfg = Debug|Any CPU
		{C21FFADD-E5AE-4743-BCAC-2B8502B636D2}.Debug|Any CPU.Build.0 = Debug|Any CPU
		{C21FFADD-E5AE-4743-BCAC-2B8502B636D2}.Release|Any CPU.ActiveCfg = Release|Any CPU
		{C21FFADD-E5AE-4743-BCAC-2B8502B636D2}.Release|Any CPU.Build.0 = Release|Any CPU
		{23012EA9-C831-428F-A89A-1AB280FEB06A}.Debug|Any CPU.ActiveCfg = Debug|Any CPU
		{23012EA9-C831-428F-A89A-1AB280FEB06A}.Debug|Any CPU.Build.0 = Debug|Any CPU
		{23012EA9-C831-428F-A89A-1AB280FEB06A}.Release|Any CPU.ActiveCfg = Release|Any CPU
		{23012EA9-C831-428F-A89A-1AB280FEB06A}.Release|Any CPU.Build.0 = Release|Any CPU
	EndGlobalSection
	GlobalSection(SolutionProperties) = preSolution
		HideSolutionNode = FALSE
	EndGlobalSection
EndGlobal
